// !$*UTF8*$!
{
	archiveVersion = 1;
	classes = {
	};
	objectVersion = 50;
	objects = {

/* Begin PBXBuildFile section */
		86CB7C31226B52D400EDD4EF /* AppDelegate.swift in Sources */ = {isa = PBXBuildFile; fileRef = 86CB7C30226B52D400EDD4EF /* AppDelegate.swift */; };
		86CB7C33226B52D500EDD4EF /* ViewController.swift in Sources */ = {isa = PBXBuildFile; fileRef = 86CB7C32226B52D500EDD4EF /* ViewController.swift */; };
		86CB7C36226B52D500EDD4EF /* Main.storyboard in Resources */ = {isa = PBXBuildFile; fileRef = 86CB7C34226B52D500EDD4EF /* Main.storyboard */; };
		86CB7C38226B52DE00EDD4EF /* Assets.xcassets in Resources */ = {isa = PBXBuildFile; fileRef = 86CB7C37226B52DE00EDD4EF /* Assets.xcassets */; };
		86CB7C3B226B52DE00EDD4EF /* LaunchScreen.storyboard in Resources */ = {isa = PBXBuildFile; fileRef = 86CB7C39226B52DE00EDD4EF /* LaunchScreen.storyboard */; };
		86CB7C46226B52DF00EDD4EF /* WeatherAppTests.swift in Sources */ = {isa = PBXBuildFile; fileRef = 86CB7C45226B52DF00EDD4EF /* WeatherAppTests.swift */; };
		86CB7C51226B52DF00EDD4EF /* WeatherAppUITests.swift in Sources */ = {isa = PBXBuildFile; fileRef = 86CB7C50226B52DF00EDD4EF /* WeatherAppUITests.swift */; };
/* End PBXBuildFile section */

/* Begin PBXContainerItemProxy section */
		86CB7C42226B52DF00EDD4EF /* PBXContainerItemProxy */ = {
			isa = PBXContainerItemProxy;
			containerPortal = 86CB7C25226B52D400EDD4EF /* Project object */;
			proxyType = 1;
			remoteGlobalIDString = 86CB7C2C226B52D400EDD4EF;
			remoteInfo = WeatherApp;
		};
		86CB7C4D226B52DF00EDD4EF /* PBXContainerItemProxy */ = {
			isa = PBXContainerItemProxy;
			containerPortal = 86CB7C25226B52D400EDD4EF /* Project object */;
			proxyType = 1;
			remoteGlobalIDString = 86CB7C2C226B52D400EDD4EF;
			remoteInfo = WeatherApp;
		};
/* End PBXContainerItemProxy section */

/* Begin PBXFileReference section */
		86CB7C2D226B52D400EDD4EF /* WeatherApp.app */ = {isa = PBXFileReference; explicitFileType = wrapper.application; includeInIndex = 0; path = WeatherApp.app; sourceTree = BUILT_PRODUCTS_DIR; };
		86CB7C30226B52D400EDD4EF /* AppDelegate.swift */ = {isa = PBXFileReference; lastKnownFileType = sourcecode.swift; path = AppDelegate.swift; sourceTree = "<group>"; };
		86CB7C32226B52D500EDD4EF /* ViewController.swift */ = {isa = PBXFileReference; lastKnownFileType = sourcecode.swift; path = ViewController.swift; sourceTree = "<group>"; };
		86CB7C35226B52D500EDD4EF /* Base */ = {isa = PBXFileReference; lastKnownFileType = file.storyboard; name = Base; path = Base.lproj/Main.storyboard; sourceTree = "<group>"; };
		86CB7C37226B52DE00EDD4EF /* Assets.xcassets */ = {isa = PBXFileReference; lastKnownFileType = folder.assetcatalog; path = Assets.xcassets; sourceTree = "<group>"; };
		86CB7C3A226B52DE00EDD4EF /* Base */ = {isa = PBXFileReference; lastKnownFileType = file.storyboard; name = Base; path = Base.lproj/LaunchScreen.storyboard; sourceTree = "<group>"; };
		86CB7C3C226B52DF00EDD4EF /* Info.plist */ = {isa = PBXFileReference; lastKnownFileType = text.plist.xml; path = Info.plist; sourceTree = "<group>"; };
		86CB7C41226B52DF00EDD4EF /* WeatherAppTests.xctest */ = {isa = PBXFileReference; explicitFileType = wrapper.cfbundle; includeInIndex = 0; path = WeatherAppTests.xctest; sourceTree = BUILT_PRODUCTS_DIR; };
		86CB7C45226B52DF00EDD4EF /* WeatherAppTests.swift */ = {isa = PBXFileReference; lastKnownFileType = sourcecode.swift; path = WeatherAppTests.swift; sourceTree = "<group>"; };
		86CB7C47226B52DF00EDD4EF /* Info.plist */ = {isa = PBXFileReference; lastKnownFileType = text.plist.xml; path = Info.plist; sourceTree = "<group>"; };
		86CB7C4C226B52DF00EDD4EF /* WeatherAppUITests.xctest */ = {isa = PBXFileReference; explicitFileType = wrapper.cfbundle; includeInIndex = 0; path = WeatherAppUITests.xctest; sourceTree = BUILT_PRODUCTS_DIR; };
		86CB7C50226B52DF00EDD4EF /* WeatherAppUITests.swift */ = {isa = PBXFileReference; lastKnownFileType = sourcecode.swift; path = WeatherAppUITests.swift; sourceTree = "<group>"; };
		86CB7C52226B52DF00EDD4EF /* Info.plist */ = {isa = PBXFileReference; lastKnownFileType = text.plist.xml; path = Info.plist; sourceTree = "<group>"; };
/* End PBXFileReference section */

/* Begin PBXFrameworksBuildPhase section */
		86CB7C2A226B52D400EDD4EF /* Frameworks */ = {
			isa = PBXFrameworksBuildPhase;
			buildActionMask = 2147483647;
			files = (
			);
			runOnlyForDeploymentPostprocessing = 0;
		};
		86CB7C3E226B52DF00EDD4EF /* Frameworks */ = {
			isa = PBXFrameworksBuildPhase;
			buildActionMask = 2147483647;
			files = (
			);
			runOnlyForDeploymentPostprocessing = 0;
		};
		86CB7C49226B52DF00EDD4EF /* Frameworks */ = {
			isa = PBXFrameworksBuildPhase;
			buildActionMask = 2147483647;
			files = (
			);
			runOnlyForDeploymentPostprocessing = 0;
		};
/* End PBXFrameworksBuildPhase section */

/* Begin PBXGroup section */
		86CB7C24226B52D400EDD4EF = {
			isa = PBXGroup;
			children = (
				86CB7C2F226B52D400EDD4EF /* WeatherApp */,
				86CB7C44226B52DF00EDD4EF /* WeatherAppTests */,
				86CB7C4F226B52DF00EDD4EF /* WeatherAppUITests */,
				86CB7C2E226B52D400EDD4EF /* Products */,
			);
			sourceTree = "<group>";
		};
		86CB7C2E226B52D400EDD4EF /* Products */ = {
			isa = PBXGroup;
			children = (
				86CB7C2D226B52D400EDD4EF /* WeatherApp.app */,
				86CB7C41226B52DF00EDD4EF /* WeatherAppTests.xctest */,
				86CB7C4C226B52DF00EDD4EF /* WeatherAppUITests.xctest */,
			);
			name = Products;
			sourceTree = "<group>";
		};
		86CB7C2F226B52D400EDD4EF /* WeatherApp */ = {
			isa = PBXGroup;
			children = (
				86CB7C30226B52D400EDD4EF /* AppDelegate.swift */,
				86CB7C32226B52D500EDD4EF /* ViewController.swift */,
				86CB7C34226B52D500EDD4EF /* Main.storyboard */,
				86CB7C37226B52DE00EDD4EF /* Assets.xcassets */,
				86CB7C39226B52DE00EDD4EF /* LaunchScreen.storyboard */,
				86CB7C3C226B52DF00EDD4EF /* Info.plist */,
			);
			path = WeatherApp;
			sourceTree = "<group>";
		};
		86CB7C44226B52DF00EDD4EF /* WeatherAppTests */ = {
			isa = PBXGroup;
			children = (
				86CB7C45226B52DF00EDD4EF /* WeatherAppTests.swift */,
				86CB7C47226B52DF00EDD4EF /* Info.plist */,
			);
			path = WeatherAppTests;
			sourceTree = "<group>";
		};
		86CB7C4F226B52DF00EDD4EF /* WeatherAppUITests */ = {
			isa = PBXGroup;
			children = (
				86CB7C50226B52DF00EDD4EF /* WeatherAppUITests.swift */,
				86CB7C52226B52DF00EDD4EF /* Info.plist */,
			);
			path = WeatherAppUITests;
			sourceTree = "<group>";
		};
/* End PBXGroup section */

/* Begin PBXNativeTarget section */
		86CB7C2C226B52D400EDD4EF /* WeatherApp */ = {
			isa = PBXNativeTarget;
			buildConfigurationList = 86CB7C55226B52DF00EDD4EF /* Build configuration list for PBXNativeTarget "WeatherApp" */;
			buildPhases = (
				86CB7C29226B52D400EDD4EF /* Sources */,
				86CB7C2A226B52D400EDD4EF /* Frameworks */,
				86CB7C2B226B52D400EDD4EF /* Resources */,
			);
			buildRules = (
			);
			dependencies = (
			);
			name = WeatherApp;
			productName = WeatherApp;
			productReference = 86CB7C2D226B52D400EDD4EF /* WeatherApp.app */;
			productType = "com.apple.product-type.application";
		};
		86CB7C40226B52DF00EDD4EF /* WeatherAppTests */ = {
			isa = PBXNativeTarget;
			buildConfigurationList = 86CB7C58226B52DF00EDD4EF /* Build configuration list for PBXNativeTarget "WeatherAppTests" */;
			buildPhases = (
				86CB7C3D226B52DF00EDD4EF /* Sources */,
				86CB7C3E226B52DF00EDD4EF /* Frameworks */,
				86CB7C3F226B52DF00EDD4EF /* Resources */,
			);
			buildRules = (
			);
			dependencies = (
				86CB7C43226B52DF00EDD4EF /* PBXTargetDependency */,
			);
			name = WeatherAppTests;
			productName = WeatherAppTests;
			productReference = 86CB7C41226B52DF00EDD4EF /* WeatherAppTests.xctest */;
			productType = "com.apple.product-type.bundle.unit-test";
		};
		86CB7C4B226B52DF00EDD4EF /* WeatherAppUITests */ = {
			isa = PBXNativeTarget;
			buildConfigurationList = 86CB7C5B226B52DF00EDD4EF /* Build configuration list for PBXNativeTarget "WeatherAppUITests" */;
			buildPhases = (
				86CB7C48226B52DF00EDD4EF /* Sources */,
				86CB7C49226B52DF00EDD4EF /* Frameworks */,
				86CB7C4A226B52DF00EDD4EF /* Resources */,
			);
			buildRules = (
			);
			dependencies = (
				86CB7C4E226B52DF00EDD4EF /* PBXTargetDependency */,
			);
			name = WeatherAppUITests;
			productName = WeatherAppUITests;
			productReference = 86CB7C4C226B52DF00EDD4EF /* WeatherAppUITests.xctest */;
			productType = "com.apple.product-type.bundle.ui-testing";
		};
/* End PBXNativeTarget section */

/* Begin PBXProject section */
		86CB7C25226B52D400EDD4EF /* Project object */ = {
			isa = PBXProject;
			attributes = {
				LastSwiftUpdateCheck = 1010;
				LastUpgradeCheck = 1010;
				ORGANIZATIONNAME = "Saptami Biswas";
				TargetAttributes = {
					86CB7C2C226B52D400EDD4EF = {
						CreatedOnToolsVersion = 10.1;
					};
					86CB7C40226B52DF00EDD4EF = {
						CreatedOnToolsVersion = 10.1;
						TestTargetID = 86CB7C2C226B52D400EDD4EF;
					};
					86CB7C4B226B52DF00EDD4EF = {
						CreatedOnToolsVersion = 10.1;
						TestTargetID = 86CB7C2C226B52D400EDD4EF;
					};
				};
			};
			buildConfigurationList = 86CB7C28226B52D400EDD4EF /* Build configuration list for PBXProject "WeatherApp" */;
			compatibilityVersion = "Xcode 9.3";
			developmentRegion = en;
			hasScannedForEncodings = 0;
			knownRegions = (
				en,
				Base,
			);
			mainGroup = 86CB7C24226B52D400EDD4EF;
			productRefGroup = 86CB7C2E226B52D400EDD4EF /* Products */;
			projectDirPath = "";
			projectRoot = "";
			targets = (
				86CB7C2C226B52D400EDD4EF /* WeatherApp */,
				86CB7C40226B52DF00EDD4EF /* WeatherAppTests */,
				86CB7C4B226B52DF00EDD4EF /* WeatherAppUITests */,
			);
		};
/* End PBXProject section */

/* Begin PBXResourcesBuildPhase section */
		86CB7C2B226B52D400EDD4EF /* Resources */ = {
			isa = PBXResourcesBuildPhase;
			buildActionMask = 2147483647;
			files = (
				86CB7C3B226B52DE00EDD4EF /* LaunchScreen.storyboard in Resources */,
				86CB7C38226B52DE00EDD4EF /* Assets.xcassets in Resources */,
				86CB7C36226B52D500EDD4EF /* Main.storyboard in Resources */,
			);
			runOnlyForDeploymentPostprocessing = 0;
		};
		86CB7C3F226B52DF00EDD4EF /* Resources */ = {
			isa = PBXResourcesBuildPhase;
			buildActionMask = 2147483647;
			files = (
			);
			runOnlyForDeploymentPostprocessing = 0;
		};
		86CB7C4A226B52DF00EDD4EF /* Resources */ = {
			isa = PBXResourcesBuildPhase;
			buildActionMask = 2147483647;
			files = (
			);
			runOnlyForDeploymentPostprocessing = 0;
		};
/* End PBXResourcesBuildPhase section */

/* Begin PBXSourcesBuildPhase section */
		86CB7C29226B52D400EDD4EF /* Sources */ = {
			isa = PBXSourcesBuildPhase;
			buildActionMask = 2147483647;
			files = (
				86CB7C33226B52D500EDD4EF /* ViewController.swift in Sources */,
				86CB7C31226B52D400EDD4EF /* AppDelegate.swift in Sources */,
			);
			runOnlyForDeploymentPostprocessing = 0;
		};
		86CB7C3D226B52DF00EDD4EF /* Sources */ = {
			isa = PBXSourcesBuildPhase;
			buildActionMask = 2147483647;
			files = (
				86CB7C46226B52DF00EDD4EF /* WeatherAppTests.swift in Sources */,
			);
			runOnlyForDeploymentPostprocessing = 0;
		};
		86CB7C48226B52DF00EDD4EF /* Sources */ = {
			isa = PBXSourcesBuildPhase;
			buildActionMask = 2147483647;
			files = (
				86CB7C51226B52DF00EDD4EF /* WeatherAppUITests.swift in Sources */,
			);
			runOnlyForDeploymentPostprocessing = 0;
		};
/* End PBXSourcesBuildPhase section */

/* Begin PBXTargetDependency section */
		86CB7C43226B52DF00EDD4EF /* PBXTargetDependency */ = {
			isa = PBXTargetDependency;
			target = 86CB7C2C226B52D400EDD4EF /* WeatherApp */;
			targetProxy = 86CB7C42226B52DF00EDD4EF /* PBXContainerItemProxy */;
		};
		86CB7C4E226B52DF00EDD4EF /* PBXTargetDependency */ = {
			isa = PBXTargetDependency;
			target = 86CB7C2C226B52D400EDD4EF /* WeatherApp */;
			targetProxy = 86CB7C4D226B52DF00EDD4EF /* PBXContainerItemProxy */;
		};
/* End PBXTargetDependency section */

/* Begin PBXVariantGroup section */
		86CB7C34226B52D500EDD4EF /* Main.storyboard */ = {
			isa = PBXVariantGroup;
			children = (
				86CB7C35226B52D500EDD4EF /* Base */,
			);
			name = Main.storyboard;
			sourceTree = "<group>";
		};
		86CB7C39226B52DE00EDD4EF /* LaunchScreen.storyboard */ = {
			isa = PBXVariantGroup;
			children = (
				86CB7C3A226B52DE00EDD4EF /* Base */,
			);
			name = LaunchScreen.storyboard;
			sourceTree = "<group>";
		};
/* End PBXVariantGroup section */

/* Begin XCBuildConfiguration section */
		86CB7C53226B52DF00EDD4EF /* Debug */ = {
			isa = XCBuildConfiguration;
			buildSettings = {
				ALWAYS_SEARCH_USER_PATHS = NO;
				CLANG_ANALYZER_NONNULL = YES;
				CLANG_ANALYZER_NUMBER_OBJECT_CONVERSION = YES_AGGRESSIVE;
				CLANG_CXX_LANGUAGE_STANDARD = "gnu++14";
				CLANG_CXX_LIBRARY = "libc++";
				CLANG_ENABLE_MODULES = YES;
				CLANG_ENABLE_OBJC_ARC = YES;
				CLANG_ENABLE_OBJC_WEAK = YES;
				CLANG_WARN_BLOCK_CAPTURE_AUTORELEASING = YES;
				CLANG_WARN_BOOL_CONVERSION = YES;
				CLANG_WARN_COMMA = YES;
				CLANG_WARN_CONSTANT_CONVERSION = YES;
				CLANG_WARN_DEPRECATED_OBJC_IMPLEMENTATIONS = YES;
				CLANG_WARN_DIRECT_OBJC_ISA_USAGE = YES_ERROR;
				CLANG_WARN_DOCUMENTATION_COMMENTS = YES;
				CLANG_WARN_EMPTY_BODY = YES;
				CLANG_WARN_ENUM_CONVERSION = YES;
				CLANG_WARN_INFINITE_RECURSION = YES;
				CLANG_WARN_INT_CONVERSION = YES;
				CLANG_WARN_NON_LITERAL_NULL_CONVERSION = YES;
				CLANG_WARN_OBJC_IMPLICIT_RETAIN_SELF = YES;
				CLANG_WARN_OBJC_LITERAL_CONVERSION = YES;
				CLANG_WARN_OBJC_ROOT_CLASS = YES_ERROR;
				CLANG_WARN_RANGE_LOOP_ANALYSIS = YES;
				CLANG_WARN_STRICT_PROTOTYPES = YES;
				CLANG_WARN_SUSPICIOUS_MOVE = YES;
				CLANG_WARN_UNGUARDED_AVAILABILITY = YES_AGGRESSIVE;
				CLANG_WARN_UNREACHABLE_CODE = YES;
				CLANG_WARN__DUPLICATE_METHOD_MATCH = YES;
				CODE_SIGN_IDENTITY = "iPhone Developer";
				COPY_PHASE_STRIP = NO;
				DEBUG_INFORMATION_FORMAT = dwarf;
				ENABLE_STRICT_OBJC_MSGSEND = YES;
				ENABLE_TESTABILITY = YES;
				GCC_C_LANGUAGE_STANDARD = gnu11;
				GCC_DYNAMIC_NO_PIC = NO;
				GCC_NO_COMMON_BLOCKS = YES;
				GCC_OPTIMIZATION_LEVEL = 0;
				GCC_PREPROCESSOR_DEFINITIONS = (
					"DEBUG=1",
					"$(inherited)",
				);
				GCC_WARN_64_TO_32_BIT_CONVERSION = YES;
				GCC_WARN_ABOUT_RETURN_TYPE = YES_ERROR;
				GCC_WARN_UNDECLARED_SELECTOR = YES;
				GCC_WARN_UNINITIALIZED_AUTOS = YES_AGGRESSIVE;
				GCC_WARN_UNUSED_FUNCTION = YES;
				GCC_WARN_UNUSED_VARIABLE = YES;
				IPHONEOS_DEPLOYMENT_TARGET = 12.1;
				MTL_ENABLE_DEBUG_INFO = INCLUDE_SOURCE;
				MTL_FAST_MATH = YES;
				ONLY_ACTIVE_ARCH = YES;
				SDKROOT = iphoneos;
				SWIFT_ACTIVE_COMPILATION_CONDITIONS = DEBUG;
				SWIFT_OPTIMIZATION_LEVEL = "-Onone";
			};
			name = Debug;
		};
		86CB7C54226B52DF00EDD4EF /* Release */ = {
			isa = XCBuildConfiguration;
			buildSettings = {
				ALWAYS_SEARCH_USER_PATHS = NO;
				CLANG_ANALYZER_NONNULL = YES;
				CLANG_ANALYZER_NUMBER_OBJECT_CONVERSION = YES_AGGRESSIVE;
				CLANG_CXX_LANGUAGE_STANDARD = "gnu++14";
				CLANG_CXX_LIBRARY = "libc++";
				CLANG_ENABLE_MODULES = YES;
				CLANG_ENABLE_OBJC_ARC = YES;
				CLANG_ENABLE_OBJC_WEAK = YES;
				CLANG_WARN_BLOCK_CAPTURE_AUTORELEASING = YES;
				CLANG_WARN_BOOL_CONVERSION = YES;
				CLANG_WARN_COMMA = YES;
				CLANG_WARN_CONSTANT_CONVERSION = YES;
				CLANG_WARN_DEPRECATED_OBJC_IMPLEMENTATIONS = YES;
				CLANG_WARN_DIRECT_OBJC_ISA_USAGE = YES_ERROR;
				CLANG_WARN_DOCUMENTATION_COMMENTS = YES;
				CLANG_WARN_EMPTY_BODY = YES;
				CLANG_WARN_ENUM_CONVERSION = YES;
				CLANG_WARN_INFINITE_RECURSION = YES;
				CLANG_WARN_INT_CONVERSION = YES;
				CLANG_WARN_NON_LITERAL_NULL_CONVERSION = YES;
				CLANG_WARN_OBJC_IMPLICIT_RETAIN_SELF = YES;
				CLANG_WARN_OBJC_LITERAL_CONVERSION = YES;
				CLANG_WARN_OBJC_ROOT_CLASS = YES_ERROR;
				CLANG_WARN_RANGE_LOOP_ANALYSIS = YES;
				CLANG_WARN_STRICT_PROTOTYPES = YES;
				CLANG_WARN_SUSPICIOUS_MOVE = YES;
				CLANG_WARN_UNGUARDED_AVAILABILITY = YES_AGGRESSIVE;
				CLANG_WARN_UNREACHABLE_CODE = YES;
				CLANG_WARN__DUPLICATE_METHOD_MATCH = YES;
				CODE_SIGN_IDENTITY = "iPhone Developer";
				COPY_PHASE_STRIP = NO;
				DEBUG_INFORMATION_FORMAT = "dwarf-with-dsym";
				ENABLE_NS_ASSERTIONS = NO;
				ENABLE_STRICT_OBJC_MSGSEND = YES;
				GCC_C_LANGUAGE_STANDARD = gnu11;
				GCC_NO_COMMON_BLOCKS = YES;
				GCC_WARN_64_TO_32_BIT_CONVERSION = YES;
				GCC_WARN_ABOUT_RETURN_TYPE = YES_ERROR;
				GCC_WARN_UNDECLARED_SELECTOR = YES;
				GCC_WARN_UNINITIALIZED_AUTOS = YES_AGGRESSIVE;
				GCC_WARN_UNUSED_FUNCTION = YES;
				GCC_WARN_UNUSED_VARIABLE = YES;
				IPHONEOS_DEPLOYMENT_TARGET = 12.1;
				MTL_ENABLE_DEBUG_INFO = NO;
				MTL_FAST_MATH = YES;
				SDKROOT = iphoneos;
				SWIFT_COMPILATION_MODE = wholemodule;
				SWIFT_OPTIMIZATION_LEVEL = "-O";
				VALIDATE_PRODUCT = YES;
			};
			name = Release;
		};
		86CB7C56226B52DF00EDD4EF /* Debug */ = {
			isa = XCBuildConfiguration;
			buildSettings = {
				ASSETCATALOG_COMPILER_APPICON_NAME = AppIcon;
				CODE_SIGN_STYLE = Automatic;
				DEVELOPMENT_TEAM = 2JUP6TM5V5;
				INFOPLIST_FILE = WeatherApp/Info.plist;
				LD_RUNPATH_SEARCH_PATHS = (
					"$(inherited)",
					"@executable_path/Frameworks",
				);
				PRODUCT_BUNDLE_IDENTIFIER = saptamiBiswas.WeatherApp;
				PRODUCT_NAME = "$(TARGET_NAME)";
				SWIFT_VERSION = 4.2;
				TARGETED_DEVICE_FAMILY = "1,2";
			};
			name = Debug;
		};
		86CB7C57226B52DF00EDD4EF /* Release */ = {
			isa = XCBuildConfiguration;
			buildSettings = {
				ASSETCATALOG_COMPILER_APPICON_NAME = AppIcon;
				CODE_SIGN_STYLE = Automatic;
				DEVELOPMENT_TEAM = 2JUP6TM5V5;
				INFOPLIST_FILE = WeatherApp/Info.plist;
				LD_RUNPATH_SEARCH_PATHS = (
					"$(inherited)",
					"@executable_path/Frameworks",
				);
				PRODUCT_BUNDLE_IDENTIFIER = saptamiBiswas.WeatherApp;
				PRODUCT_NAME = "$(TARGET_NAME)";
				SWIFT_VERSION = 4.2;
				TARGETED_DEVICE_FAMILY = "1,2";
			};
			name = Release;
		};
		86CB7C59226B52DF00EDD4EF /* Debug */ = {
			isa = XCBuildConfiguration;
			buildSettings = {
				ALWAYS_EMBED_SWIFT_STANDARD_LIBRARIES = YES;
				BUNDLE_LOADER = "$(TEST_HOST)";
				CODE_SIGN_STYLE = Automatic;
				DEVELOPMENT_TEAM = 2JUP6TM5V5;
				INFOPLIST_FILE = WeatherAppTests/Info.plist;
				LD_RUNPATH_SEARCH_PATHS = (
					"$(inherited)",
					"@executable_path/Frameworks",
					"@loader_path/Frameworks",
				);
				PRODUCT_BUNDLE_IDENTIFIER = saptamiBiswas.WeatherAppTests;
				PRODUCT_NAME = "$(TARGET_NAME)";
				SWIFT_VERSION = 4.2;
				TARGETED_DEVICE_FAMILY = "1,2";
				TEST_HOST = "$(BUILT_PRODUCTS_DIR)/WeatherApp.app/WeatherApp";
			};
			name = Debug;
		};
		86CB7C5A226B52DF00EDD4EF /* Release */ = {
			isa = XCBuildConfiguration;
			buildSettings = {
				ALWAYS_EMBED_SWIFT_STANDARD_LIBRARIES = YES;
				BUNDLE_LOADER = "$(TEST_HOST)";
				CODE_SIGN_STYLE = Automatic;
				DEVELOPMENT_TEAM = 2JUP6TM5V5;
				INFOPLIST_FILE = WeatherAppTests/Info.plist;
				LD_RUNPATH_SEARCH_PATHS = (
					"$(inherited)",
					"@executable_path/Frameworks",
					"@loader_path/Frameworks",
				);
				PRODUCT_BUNDLE_IDENTIFIER = saptamiBiswas.WeatherAppTests;
				PRODUCT_NAME = "$(TARGET_NAME)";
				SWIFT_VERSION = 4.2;
				TARGETED_DEVICE_FAMILY = "1,2";
				TEST_HOST = "$(BUILT_PRODUCTS_DIR)/WeatherApp.app/WeatherApp";
			};
			name = Release;
		};
		86CB7C5C226B52DF00EDD4EF /* Debug */ = {
			isa = XCBuildConfiguration;
			buildSettings = {
				ALWAYS_EMBED_SWIFT_STANDARD_LIBRARIES = YES;
				CODE_SIGN_STYLE = Automatic;
				DEVELOPMENT_TEAM = 2JUP6TM5V5;
				INFOPLIST_FILE = WeatherAppUITests/Info.plist;
				LD_RUNPATH_SEARCH_PATHS = (
					"$(inherited)",
					"@executable_path/Frameworks",
					"@loader_path/Frameworks",
				);
				PRODUCT_BUNDLE_IDENTIFIER = saptamiBiswas.WeatherAppUITests;
				PRODUCT_NAME = "$(TARGET_NAME)";
				SWIFT_VERSION = 4.2;
				TARGETED_DEVICE_FAMILY = "1,2";
				TEST_TARGET_NAME = WeatherApp;
			};
			name = Debug;
		};
		86CB7C5D226B52DF00EDD4EF /* Release */ = {
			isa = XCBuildConfiguration;
			buildSettings = {
				ALWAYS_EMBED_SWIFT_STANDARD_LIBRARIES = YES;
				CODE_SIGN_STYLE = Automatic;
				DEVELOPMENT_TEAM = 2JUP6TM5V5;
				INFOPLIST_FILE = WeatherAppUITests/Info.plist;
				LD_RUNPATH_SEARCH_PATHS = (
					"$(inherited)",
					"@executable_path/Frameworks",
					"@loader_path/Frameworks",
				);
				PRODUCT_BUNDLE_IDENTIFIER = saptamiBiswas.WeatherAppUITests;
				PRODUCT_NAME = "$(TARGET_NAME)";
				SWIFT_VERSION = 4.2;
				TARGETED_DEVICE_FAMILY = "1,2";
				TEST_TARGET_NAME = WeatherApp;
			};
			name = Release;
		};
/* End XCBuildConfiguration section */

/* Begin XCConfigurationList section */
		86CB7C28226B52D400EDD4EF /* Build configuration list for PBXProject "WeatherApp" */ = {
			isa = XCConfigurationList;
			buildConfigurations = (
				86CB7C53226B52DF00EDD4EF /* Debug */,
				86CB7C54226B52DF00EDD4EF /* Release */,
			);
			defaultConfigurationIsVisible = 0;
			defaultConfigurationName = Release;
		};
		86CB7C55226B52DF00EDD4EF /* Build configuration list for PBXNativeTarget "WeatherApp" */ = {
			isa = XCConfigurationList;
			buildConfigurations = (
				86CB7C56226B52DF00EDD4EF /* Debug */,
				86CB7C57226B52DF00EDD4EF /* Release */,
			);
			defaultConfigurationIsVisible = 0;
			defaultConfigurationName = Release;
		};
		86CB7C58226B52DF00EDD4EF /* Build configuration list for PBXNativeTarget "WeatherAppTests" */ = {
			isa = XCConfigurationList;
			buildConfigurations = (
				86CB7C59226B52DF00EDD4EF /* Debug */,
				86CB7C5A226B52DF00EDD4EF /* Release */,
			);
			defaultConfigurationIsVisible = 0;
			defaultConfigurationName = Release;
		};
		86CB7C5B226B52DF00EDD4EF /* Build configuration list for PBXNativeTarget "WeatherAppUITests" */ = {
			isa = XCConfigurationList;
			buildConfigurations = (
				86CB7C5C226B52DF00EDD4EF /* Debug */,
				86CB7C5D226B52DF00EDD4EF /* Release */,
			);
			defaultConfigurationIsVisible = 0;
			defaultConfigurationName = Release;
		};
/* End XCConfigurationList section */
	};
	rootObject = 86CB7C25226B52D400EDD4EF /* Project object */;
}
